// !$*UTF8*$!
{
	archiveVersion = 1;
	classes = {
	};
	objectVersion = 50;
	objects = {

/* Begin PBXBuildFile section */
		9E17F216230919C100297674 /* AppDelegate.swift in Sources */ = {isa = PBXBuildFile; fileRef = 9E17F215230919C100297674 /* AppDelegate.swift */; };
		9E17F218230919C100297674 /* ViewController.swift in Sources */ = {isa = PBXBuildFile; fileRef = 9E17F217230919C100297674 /* ViewController.swift */; };
		9E17F21B230919C100297674 /* Main.storyboard in Resources */ = {isa = PBXBuildFile; fileRef = 9E17F219230919C100297674 /* Main.storyboard */; };
		9E17F21D230919C200297674 /* Assets.xcassets in Resources */ = {isa = PBXBuildFile; fileRef = 9E17F21C230919C200297674 /* Assets.xcassets */; };
		9E17F220230919C200297674 /* LaunchScreen.storyboard in Resources */ = {isa = PBXBuildFile; fileRef = 9E17F21E230919C200297674 /* LaunchScreen.storyboard */; };
		9E17F22D230919F600297674 /* CGXHorizontalCollectionModel.swift in Sources */ = {isa = PBXBuildFile; fileRef = 9E17F228230919F600297674 /* CGXHorizontalCollectionModel.swift */; };
		9E17F22E230919F600297674 /* CGXHorizontalCollectionHeaderView.swift in Sources */ = {isa = PBXBuildFile; fileRef = 9E17F229230919F600297674 /* CGXHorizontalCollectionHeaderView.swift */; };
		9E17F22F230919F600297674 /* CGXHorizontalCollectionFooterView.swift in Sources */ = {isa = PBXBuildFile; fileRef = 9E17F22A230919F600297674 /* CGXHorizontalCollectionFooterView.swift */; };
		9E17F230230919F600297674 /* CGXHorizontalCollectionView.swift in Sources */ = {isa = PBXBuildFile; fileRef = 9E17F22B230919F600297674 /* CGXHorizontalCollectionView.swift */; };
		9E17F231230919F600297674 /* CGXHorizontalCollectionCell.swift in Sources */ = {isa = PBXBuildFile; fileRef = 9E17F22C230919F600297674 /* CGXHorizontalCollectionCell.swift */; };
		9E17F23323091A2100297674 /* ViewBlockController.swift in Sources */ = {isa = PBXBuildFile; fileRef = 9E17F23223091A2100297674 /* ViewBlockController.swift */; };
/* End PBXBuildFile section */

/* Begin PBXFileReference section */
		9E17F212230919C100297674 /* CGXHorizontalCollectionView-Swift.app */ = {isa = PBXFileReference; explicitFileType = wrapper.application; includeInIndex = 0; path = "CGXHorizontalCollectionView-Swift.app"; sourceTree = BUILT_PRODUCTS_DIR; };
		9E17F215230919C100297674 /* AppDelegate.swift */ = {isa = PBXFileReference; lastKnownFileType = sourcecode.swift; path = AppDelegate.swift; sourceTree = "<group>"; };
		9E17F217230919C100297674 /* ViewController.swift */ = {isa = PBXFileReference; lastKnownFileType = sourcecode.swift; path = ViewController.swift; sourceTree = "<group>"; };
		9E17F21A230919C100297674 /* Base */ = {isa = PBXFileReference; lastKnownFileType = file.storyboard; name = Base; path = Base.lproj/Main.storyboard; sourceTree = "<group>"; };
		9E17F21C230919C200297674 /* Assets.xcassets */ = {isa = PBXFileReference; lastKnownFileType = folder.assetcatalog; path = Assets.xcassets; sourceTree = "<group>"; };
		9E17F21F230919C200297674 /* Base */ = {isa = PBXFileReference; lastKnownFileType = file.storyboard; name = Base; path = Base.lproj/LaunchScreen.storyboard; sourceTree = "<group>"; };
		9E17F221230919C200297674 /* Info.plist */ = {isa = PBXFileReference; lastKnownFileType = text.plist.xml; path = Info.plist; sourceTree = "<group>"; };
		9E17F228230919F600297674 /* CGXHorizontalCollectionModel.swift */ = {isa = PBXFileReference; fileEncoding = 4; lastKnownFileType = sourcecode.swift; path = CGXHorizontalCollectionModel.swift; sourceTree = "<group>"; };
		9E17F229230919F600297674 /* CGXHorizontalCollectionHeaderView.swift */ = {isa = PBXFileReference; fileEncoding = 4; lastKnownFileType = sourcecode.swift; path = CGXHorizontalCollectionHeaderView.swift; sourceTree = "<group>"; };
		9E17F22A230919F600297674 /* CGXHorizontalCollectionFooterView.swift */ = {isa = PBXFileReference; fileEncoding = 4; lastKnownFileType = sourcecode.swift; path = CGXHorizontalCollectionFooterView.swift; sourceTree = "<group>"; };
		9E17F22B230919F600297674 /* CGXHorizontalCollectionView.swift */ = {isa = PBXFileReference; fileEncoding = 4; lastKnownFileType = sourcecode.swift; path = CGXHorizontalCollectionView.swift; sourceTree = "<group>"; };
		9E17F22C230919F600297674 /* CGXHorizontalCollectionCell.swift */ = {isa = PBXFileReference; fileEncoding = 4; lastKnownFileType = sourcecode.swift; path = CGXHorizontalCollectionCell.swift; sourceTree = "<group>"; };
		9E17F23223091A2100297674 /* ViewBlockController.swift */ = {isa = PBXFileReference; fileEncoding = 4; lastKnownFileType = sourcecode.swift; path = ViewBlockController.swift; sourceTree = "<group>"; };
/* End PBXFileReference section */

/* Begin PBXFrameworksBuildPhase section */
		9E17F20F230919C100297674 /* Frameworks */ = {
			isa = PBXFrameworksBuildPhase;
			buildActionMask = 2147483647;
			files = (
			);
			runOnlyForDeploymentPostprocessing = 0;
		};
/* End PBXFrameworksBuildPhase section */

/* Begin PBXGroup section */
		9E17F209230919C100297674 = {
			isa = PBXGroup;
			children = (
				9E17F214230919C100297674 /* CGXHorizontalCollectionView-Swift */,
				9E17F213230919C100297674 /* Products */,
			);
			sourceTree = "<group>";
		};
		9E17F213230919C100297674 /* Products */ = {
			isa = PBXGroup;
			children = (
				9E17F212230919C100297674 /* CGXHorizontalCollectionView-Swift.app */,
			);
			name = Products;
			sourceTree = "<group>";
		};
		9E17F214230919C100297674 /* CGXHorizontalCollectionView-Swift */ = {
			isa = PBXGroup;
			children = (
				9E17F215230919C100297674 /* AppDelegate.swift */,
				9E17F217230919C100297674 /* ViewController.swift */,
				9E17F23223091A2100297674 /* ViewBlockController.swift */,
				9E17F227230919F600297674 /* CGXCollectionHorizontalView */,
				9E17F219230919C100297674 /* Main.storyboard */,
				9E17F21C230919C200297674 /* Assets.xcassets */,
				9E17F21E230919C200297674 /* LaunchScreen.storyboard */,
				9E17F221230919C200297674 /* Info.plist */,
			);
			path = "CGXHorizontalCollectionView-Swift";
			sourceTree = "<group>";
		};
		9E17F227230919F600297674 /* CGXCollectionHorizontalView */ = {
			isa = PBXGroup;
			children = (
				9E17F228230919F600297674 /* CGXHorizontalCollectionModel.swift */,
				9E17F229230919F600297674 /* CGXHorizontalCollectionHeaderView.swift */,
				9E17F22A230919F600297674 /* CGXHorizontalCollectionFooterView.swift */,
				9E17F22B230919F600297674 /* CGXHorizontalCollectionView.swift */,
				9E17F22C230919F600297674 /* CGXHorizontalCollectionCell.swift */,
			);
			name = CGXCollectionHorizontalView;
			path = ../../CGXCollectionHorizontalView;
			sourceTree = "<group>";
		};
/* End PBXGroup section */

/* Begin PBXNativeTarget section */
		9E17F211230919C100297674 /* CGXHorizontalCollectionView-Swift */ = {
			isa = PBXNativeTarget;
			buildConfigurationList = 9E17F224230919C200297674 /* Build configuration list for PBXNativeTarget "CGXHorizontalCollectionView-Swift" */;
			buildPhases = (
				9E17F20E230919C100297674 /* Sources */,
				9E17F20F230919C100297674 /* Frameworks */,
				9E17F210230919C100297674 /* Resources */,
			);
			buildRules = (
			);
			dependencies = (
			);
			name = "CGXHorizontalCollectionView-Swift";
			productName = "CGXHorizontalCollectionView-Swift";
			productReference = 9E17F212230919C100297674 /* CGXHorizontalCollectionView-Swift.app */;
			productType = "com.apple.product-type.application";
		};
/* End PBXNativeTarget section */

/* Begin PBXProject section */
		9E17F20A230919C100297674 /* Project object */ = {
			isa = PBXProject;
			attributes = {
				LastSwiftUpdateCheck = 1010;
				LastUpgradeCheck = 1010;
				ORGANIZATIONNAME = "曹贵鑫";
				TargetAttributes = {
					9E17F211230919C100297674 = {
						CreatedOnToolsVersion = 10.1;
					};
				};
			};
			buildConfigurationList = 9E17F20D230919C100297674 /* Build configuration list for PBXProject "CGXHorizontalCollectionView-Swift" */;
			compatibilityVersion = "Xcode 9.3";
			developmentRegion = en;
			hasScannedForEncodings = 0;
			knownRegions = (
				en,
				Base,
			);
			mainGroup = 9E17F209230919C100297674;
			productRefGroup = 9E17F213230919C100297674 /* Products */;
			projectDirPath = "";
			projectRoot = "";
			targets = (
				9E17F211230919C100297674 /* CGXHorizontalCollectionView-Swift */,
			);
		};
/* End PBXProject section */

/* Begin PBXResourcesBuildPhase section */
		9E17F210230919C100297674 /* Resources */ = {
			isa = PBXResourcesBuildPhase;
			buildActionMask = 2147483647;
			files = (
				9E17F220230919C200297674 /* LaunchScreen.storyboard in Resources */,
				9E17F21D230919C200297674 /* Assets.xcassets in Resources */,
				9E17F21B230919C100297674 /* Main.storyboard in Resources */,
			);
			runOnlyForDeploymentPostprocessing = 0;
		};
/* End PBXResourcesBuildPhase section */

/* Begin PBXSourcesBuildPhase section */
		9E17F20E230919C100297674 /* Sources */ = {
			isa = PBXSourcesBuildPhase;
			buildActionMask = 2147483647;
			files = (
				9E17F218230919C100297674 /* ViewController.swift in Sources */,
				9E17F216230919C100297674 /* AppDelegate.swift in Sources */,
				9E17F22E230919F600297674 /* CGXHorizontalCollectionHeaderView.swift in Sources */,
				9E17F231230919F600297674 /* CGXHorizontalCollectionCell.swift in Sources */,
				9E17F22F230919F600297674 /* CGXHorizontalCollectionFooterView.swift in Sources */,
				9E17F22D230919F600297674 /* CGXHorizontalCollectionModel.swift in Sources */,
				9E17F23323091A2100297674 /* ViewBlockController.swift in Sources */,
				9E17F230230919F600297674 /* CGXHorizontalCollectionView.swift in Sources */,
			);
			runOnlyForDeploymentPostprocessing = 0;
		};
/* End PBXSourcesBuildPhase section */

/* Begin PBXVariantGroup section */
		9E17F219230919C100297674 /* Main.storyboard */ = {
			isa = PBXVariantGroup;
			children = (
				9E17F21A230919C100297674 /* Base */,
			);
			name = Main.storyboard;
			sourceTree = "<group>";
		};
		9E17F21E230919C200297674 /* LaunchScreen.storyboard */ = {
			isa = PBXVariantGroup;
			children = (
				9E17F21F230919C200297674 /* Base */,
			);
			name = LaunchScreen.storyboard;
			sourceTree = "<group>";
		};
/* End PBXVariantGroup section */

/* Begin XCBuildConfiguration section */
		9E17F222230919C200297674 /* Debug */ = {
			isa = XCBuildConfiguration;
			buildSettings = {
				ALWAYS_SEARCH_USER_PATHS = NO;
				CLANG_ANALYZER_NONNULL = YES;
				CLANG_ANALYZER_NUMBER_OBJECT_CONVERSION = YES_AGGRESSIVE;
				CLANG_CXX_LANGUAGE_STANDARD = "gnu++14";
				CLANG_CXX_LIBRARY = "libc++";
				CLANG_ENABLE_MODULES = YES;
				CLANG_ENABLE_OBJC_ARC = YES;
				CLANG_ENABLE_OBJC_WEAK = YES;
				CLANG_WARN_BLOCK_CAPTURE_AUTORELEASING = YES;
				CLANG_WARN_BOOL_CONVERSION = YES;
				CLANG_WARN_COMMA = YES;
				CLANG_WARN_CONSTANT_CONVERSION = YES;
				CLANG_WARN_DEPRECATED_OBJC_IMPLEMENTATIONS = YES;
				CLANG_WARN_DIRECT_OBJC_ISA_USAGE = YES_ERROR;
				CLANG_WARN_DOCUMENTATION_COMMENTS = YES;
				CLANG_WARN_EMPTY_BODY = YES;
				CLANG_WARN_ENUM_CONVERSION = YES;
				CLANG_WARN_INFINITE_RECURSION = YES;
				CLANG_WARN_INT_CONVERSION = YES;
				CLANG_WARN_NON_LITERAL_NULL_CONVERSION = YES;
				CLANG_WARN_OBJC_IMPLICIT_RETAIN_SELF = YES;
				CLANG_WARN_OBJC_LITERAL_CONVERSION = YES;
				CLANG_WARN_OBJC_ROOT_CLASS = YES_ERROR;
				CLANG_WARN_RANGE_LOOP_ANALYSIS = YES;
				CLANG_WARN_STRICT_PROTOTYPES = YES;
				CLANG_WARN_SUSPICIOUS_MOVE = YES;
				CLANG_WARN_UNGUARDED_AVAILABILITY = YES_AGGRESSIVE;
				CLANG_WARN_UNREACHABLE_CODE = YES;
				CLANG_WARN__DUPLICATE_METHOD_MATCH = YES;
				CODE_SIGN_IDENTITY = "iPhone Developer";
				COPY_PHASE_STRIP = NO;
				DEBUG_INFORMATION_FORMAT = dwarf;
				ENABLE_STRICT_OBJC_MSGSEND = YES;
				ENABLE_TESTABILITY = YES;
				GCC_C_LANGUAGE_STANDARD = gnu11;
				GCC_DYNAMIC_NO_PIC = NO;
				GCC_NO_COMMON_BLOCKS = YES;
				GCC_OPTIMIZATION_LEVEL = 0;
				GCC_PREPROCESSOR_DEFINITIONS = (
					"DEBUG=1",
					"$(inherited)",
				);
				GCC_WARN_64_TO_32_BIT_CONVERSION = YES;
				GCC_WARN_ABOUT_RETURN_TYPE = YES_ERROR;
				GCC_WARN_UNDECLARED_SELECTOR = YES;
				GCC_WARN_UNINITIALIZED_AUTOS = YES_AGGRESSIVE;
				GCC_WARN_UNUSED_FUNCTION = YES;
				GCC_WARN_UNUSED_VARIABLE = YES;
				IPHONEOS_DEPLOYMENT_TARGET = 8.0;
				MTL_ENABLE_DEBUG_INFO = INCLUDE_SOURCE;
				MTL_FAST_MATH = YES;
				ONLY_ACTIVE_ARCH = YES;
				SDKROOT = iphoneos;
				SWIFT_ACTIVE_COMPILATION_CONDITIONS = DEBUG;
				SWIFT_OPTIMIZATION_LEVEL = "-Onone";
			};
			name = Debug;
		};
		9E17F223230919C200297674 /* Release */ = {
			isa = XCBuildConfiguration;
			buildSettings = {
				ALWAYS_SEARCH_USER_PATHS = NO;
				CLANG_ANALYZER_NONNULL = YES;
				CLANG_ANALYZER_NUMBER_OBJECT_CONVERSION = YES_AGGRESSIVE;
				CLANG_CXX_LANGUAGE_STANDARD = "gnu++14";
				CLANG_CXX_LIBRARY = "libc++";
				CLANG_ENABLE_MODULES = YES;
				CLANG_ENABLE_OBJC_ARC = YES;
				CLANG_ENABLE_OBJC_WEAK = YES;
				CLANG_WARN_BLOCK_CAPTURE_AUTORELEASING = YES;
				CLANG_WARN_BOOL_CONVERSION = YES;
				CLANG_WARN_COMMA = YES;
				CLANG_WARN_CONSTANT_CONVERSION = YES;
				CLANG_WARN_DEPRECATED_OBJC_IMPLEMENTATIONS = YES;
				CLANG_WARN_DIRECT_OBJC_ISA_USAGE = YES_ERROR;
				CLANG_WARN_DOCUMENTATION_COMMENTS = YES;
				CLANG_WARN_EMPTY_BODY = YES;
				CLANG_WARN_ENUM_CONVERSION = YES;
				CLANG_WARN_INFINITE_RECURSION = YES;
				CLANG_WARN_INT_CONVERSION = YES;
				CLANG_WARN_NON_LITERAL_NULL_CONVERSION = YES;
				CLANG_WARN_OBJC_IMPLICIT_RETAIN_SELF = YES;
				CLANG_WARN_OBJC_LITERAL_CONVERSION = YES;
				CLANG_WARN_OBJC_ROOT_CLASS = YES_ERROR;
				CLANG_WARN_RANGE_LOOP_ANALYSIS = YES;
				CLANG_WARN_STRICT_PROTOTYPES = YES;
				CLANG_WARN_SUSPICIOUS_MOVE = YES;
				CLANG_WARN_UNGUARDED_AVAILABILITY = YES_AGGRESSIVE;
				CLANG_WARN_UNREACHABLE_CODE = YES;
				CLANG_WARN__DUPLICATE_METHOD_MATCH = YES;
				CODE_SIGN_IDENTITY = "iPhone Developer";
				COPY_PHASE_STRIP = NO;
				DEBUG_INFORMATION_FORMAT = "dwarf-with-dsym";
				ENABLE_NS_ASSERTIONS = NO;
				ENABLE_STRICT_OBJC_MSGSEND = YES;
				GCC_C_LANGUAGE_STANDARD = gnu11;
				GCC_NO_COMMON_BLOCKS = YES;
				GCC_WARN_64_TO_32_BIT_CONVERSION = YES;
				GCC_WARN_ABOUT_RETURN_TYPE = YES_ERROR;
				GCC_WARN_UNDECLARED_SELECTOR = YES;
				GCC_WARN_UNINITIALIZED_AUTOS = YES_AGGRESSIVE;
				GCC_WARN_UNUSED_FUNCTION = YES;
				GCC_WARN_UNUSED_VARIABLE = YES;
				IPHONEOS_DEPLOYMENT_TARGET = 8.0;
				MTL_ENABLE_DEBUG_INFO = NO;
				MTL_FAST_MATH = YES;
				SDKROOT = iphoneos;
				SWIFT_COMPILATION_MODE = wholemodule;
				SWIFT_OPTIMIZATION_LEVEL = "-O";
				VALIDATE_PRODUCT = YES;
			};
			name = Release;
		};
		9E17F225230919C200297674 /* Debug */ = {
			isa = XCBuildConfiguration;
			buildSettings = {
				ASSETCATALOG_COMPILER_APPICON_NAME = AppIcon;
				CODE_SIGN_STYLE = Automatic;
				INFOPLIST_FILE = "CGXHorizontalCollectionView-Swift/Info.plist";
				IPHONEOS_DEPLOYMENT_TARGET = 8.0;
				LD_RUNPATH_SEARCH_PATHS = (
					"$(inherited)",
					"@executable_path/Frameworks",
				);
				PRODUCT_BUNDLE_IDENTIFIER = "cgx.work.CGXHorizontalCollectionView-Swift";
				PRODUCT_NAME = "$(TARGET_NAME)";
				SWIFT_VERSION = 4.2;
				TARGETED_DEVICE_FAMILY = "1,2";
			};
			name = Debug;
		};
		9E17F226230919C200297674 /* Release */ = {
			isa = XCBuildConfiguration;
			buildSettings = {
				ASSETCATALOG_COMPILER_APPICON_NAME = AppIcon;
				CODE_SIGN_STYLE = Automatic;
				INFOPLIST_FILE = "CGXHorizontalCollectionView-Swift/Info.plist";
				IPHONEOS_DEPLOYMENT_TARGET = 8.0;
				LD_RUNPATH_SEARCH_PATHS = (
					"$(inherited)",
					"@executable_path/Frameworks",
				);
				PRODUCT_BUNDLE_IDENTIFIER = "cgx.work.CGXHorizontalCollectionView-Swift";
				PRODUCT_NAME = "$(TARGET_NAME)";
				SWIFT_VERSION = 4.2;
				TARGETED_DEVICE_FAMILY = "1,2";
			};
			name = Release;
		};
/* End XCBuildConfiguration section */

/* Begin XCConfigurationList section */
		9E17F20D230919C100297674 /* Build configuration list for PBXProject "CGXHorizontalCollectionView-Swift" */ = {
			isa = XCConfigurationList;
			buildConfigurations = (
				9E17F222230919C200297674 /* Debug */,
				9E17F223230919C200297674 /* Release */,
			);
			defaultConfigurationIsVisible = 0;
			defaultConfigurationName = Release;
		};
		9E17F224230919C200297674 /* Build configuration list for PBXNativeTarget "CGXHorizontalCollectionView-Swift" */ = {
			isa = XCConfigurationList;
			buildConfigurations = (
				9E17F225230919C200297674 /* Debug */,
				9E17F226230919C200297674 /* Release */,
			);
			defaultConfigurationIsVisible = 0;
			defaultConfigurationName = Release;
		};
/* End XCConfigurationList section */
	};
	rootObject = 9E17F20A230919C100297674 /* Project object */;
}
